
Microsoft Visual Studio Solution File, Format Version 12.00
# Visual Studio 14
VisualStudioVersion = 14.0.25029.0
MinimumVisualStudioVersion = 10.0.40219.1
Project("{2150E333-8FDC-42A3-9474-1A3956D46DE8}") = "ProjectTemplates", "ProjectTemplates", "{289B1558-CEEE-425F-B04D-C4D83FF233DF}"
EndProject
Project("{FAE04EC0-301F-11D3-BF4B-00C04F79EFBC}") = "NinjaCoder.Wpf", "ProjectTemplates\NinjaCoder.Wpf\NinjaCoder.Wpf.csproj", "{5AF0A7EF-0636-4194-98D8-D197B1DDDF3D}"
EndProject
Project("{FAE04EC0-301F-11D3-BF4B-00C04F79EFBC}") = "NinjaCoder.iOS", "ProjectTemplates\NinjaCoder.iOS\NinjaCoder.iOS.csproj", "{83EDAAA3-CEFD-4515-A7E1-195C492F73CE}"
EndProject
Project("{FAE04EC0-301F-11D3-BF4B-00C04F79EFBC}") = "NinjaCoder.Droid", "ProjectTemplates\NinjaCoder.Droid\NinjaCoder.Droid.csproj", "{F5B6C8C4-AD24-421A-B83A-EEBDD7D9C842}"
EndProject
Project("{FAE04EC0-301F-11D3-BF4B-00C04F79EFBC}") = "NinjaCoder.Core", "ProjectTemplates\NinjaCoder.Core\NinjaCoder.Core.csproj", "{88C32BF7-EABD-4008-A5CC-3C0BA7C06CB6}"
EndProject
Project("{FAE04EC0-301F-11D3-BF4B-00C04F79EFBC}") = "NinjaCoder.Xamarin.Forms", "ProjectTemplates\NinjaCoder.Xamarin.Forms\NinjaCoder.Xamarin.Forms.csproj", "{42AAD874-EF05-4BA6-9E45-62145E08E23E}"
EndProject
Project("{FAE04EC0-301F-11D3-BF4B-00C04F79EFBC}") = "NinjaCoder.NUnit", "ProjectTemplates\NinjaCoder.NUnit\NinjaCoder.NUnit.csproj", "{40C85117-D7A4-4651-A333-220D9B8C9F05}"
EndProject
Project("{FAE04EC0-301F-11D3-BF4B-00C04F79EFBC}") = "NinjaCoder.MSTest", "ProjectTemplates\NinjaCoder.MSTest\NinjaCoder.MSTest.csproj", "{1B7695E2-C7AE-4B31-99A3-A4C05E2529A1}"
EndProject
Project("{FAE04EC0-301F-11D3-BF4B-00C04F79EFBC}") = "NinjaCoder.WindowsPhone", "ProjectTemplates\NinjaCoder.WindowsPhone\NinjaCoder.WindowsPhone.csproj", "{06D669A8-4C78-4799-B447-59BBC543308D}"
EndProject
Project("{FAE04EC0-301F-11D3-BF4B-00C04F79EFBC}") = "NinjaCoder.WindowsStore", "ProjectTemplates\NinjaCoder.WindowsStore\NinjaCoder.WindowsStore.csproj", "{0F5D8B92-D83E-42A1-8C43-A454B0857C1D}"
EndProject
Global
	GlobalSection(SolutionConfigurationPlatforms) = preSolution
		Ad-Hoc|Any CPU = Ad-Hoc|Any CPU
		Ad-Hoc|ARM = Ad-Hoc|ARM
		Ad-Hoc|iPhone = Ad-Hoc|iPhone
		Ad-Hoc|iPhoneSimulator = Ad-Hoc|iPhoneSimulator
		Ad-Hoc|Mixed Platforms = Ad-Hoc|Mixed Platforms
		Ad-Hoc|x64 = Ad-Hoc|x64
		Ad-Hoc|x86 = Ad-Hoc|x86
		AppStore|Any CPU = AppStore|Any CPU
		AppStore|ARM = AppStore|ARM
		AppStore|iPhone = AppStore|iPhone
		AppStore|iPhoneSimulator = AppStore|iPhoneSimulator
		AppStore|Mixed Platforms = AppStore|Mixed Platforms
		AppStore|x64 = AppStore|x64
		AppStore|x86 = AppStore|x86
		Debug|Any CPU = Debug|Any CPU
		Debug|ARM = Debug|ARM
		Debug|iPhone = Debug|iPhone
		Debug|iPhoneSimulator = Debug|iPhoneSimulator
		Debug|Mixed Platforms = Debug|Mixed Platforms
		Debug|x64 = Debug|x64
		Debug|x86 = Debug|x86
		Release|Any CPU = Release|Any CPU
		Release|ARM = Release|ARM
		Release|iPhone = Release|iPhone
		Release|iPhoneSimulator = Release|iPhoneSimulator
		Release|Mixed Platforms = Release|Mixed Platforms
		Release|x64 = Release|x64
		Release|x86 = Release|x86
	EndGlobalSection
	GlobalSection(ProjectConfigurationPlatforms) = postSolution
		{5AF0A7EF-0636-4194-98D8-D197B1DDDF3D}.Ad-Hoc|Any CPU.ActiveCfg = Release|Any CPU
		{5AF0A7EF-0636-4194-98D8-D197B1DDDF3D}.Ad-Hoc|Any CPU.Build.0 = Release|Any CPU
		{5AF0A7EF-0636-4194-98D8-D197B1DDDF3D}.Ad-Hoc|ARM.ActiveCfg = Release|Any CPU
		{5AF0A7EF-0636-4194-98D8-D197B1DDDF3D}.Ad-Hoc|iPhone.ActiveCfg = Release|Any CPU
		{5AF0A7EF-0636-4194-98D8-D197B1DDDF3D}.Ad-Hoc|iPhoneSimulator.ActiveCfg = Release|Any CPU
		{5AF0A7EF-0636-4194-98D8-D197B1DDDF3D}.Ad-Hoc|Mixed Platforms.ActiveCfg = Release|Any CPU
		{5AF0A7EF-0636-4194-98D8-D197B1DDDF3D}.Ad-Hoc|Mixed Platforms.Build.0 = Release|Any CPU
		{5AF0A7EF-0636-4194-98D8-D197B1DDDF3D}.Ad-Hoc|x64.ActiveCfg = Release|Any CPU
		{5AF0A7EF-0636-4194-98D8-D197B1DDDF3D}.Ad-Hoc|x86.ActiveCfg = Release|Any CPU
		{5AF0A7EF-0636-4194-98D8-D197B1DDDF3D}.AppStore|Any CPU.ActiveCfg = Release|Any CPU
		{5AF0A7EF-0636-4194-98D8-D197B1DDDF3D}.AppStore|Any CPU.Build.0 = Release|Any CPU
		{5AF0A7EF-0636-4194-98D8-D197B1DDDF3D}.AppStore|ARM.ActiveCfg = Release|Any CPU
		{5AF0A7EF-0636-4194-98D8-D197B1DDDF3D}.AppStore|iPhone.ActiveCfg = Release|Any CPU
		{5AF0A7EF-0636-4194-98D8-D197B1DDDF3D}.AppStore|iPhoneSimulator.ActiveCfg = Release|Any CPU
		{5AF0A7EF-0636-4194-98D8-D197B1DDDF3D}.AppStore|Mixed Platforms.ActiveCfg = Release|Any CPU
		{5AF0A7EF-0636-4194-98D8-D197B1DDDF3D}.AppStore|Mixed Platforms.Build.0 = Release|Any CPU
		{5AF0A7EF-0636-4194-98D8-D197B1DDDF3D}.AppStore|x64.ActiveCfg = Release|Any CPU
		{5AF0A7EF-0636-4194-98D8-D197B1DDDF3D}.AppStore|x86.ActiveCfg = Release|Any CPU
		{5AF0A7EF-0636-4194-98D8-D197B1DDDF3D}.Debug|Any CPU.ActiveCfg = Debug|Any CPU
		{5AF0A7EF-0636-4194-98D8-D197B1DDDF3D}.Debug|Any CPU.Build.0 = Debug|Any CPU
		{5AF0A7EF-0636-4194-98D8-D197B1DDDF3D}.Debug|ARM.ActiveCfg = Debug|Any CPU
		{5AF0A7EF-0636-4194-98D8-D197B1DDDF3D}.Debug|iPhone.ActiveCfg = Debug|Any CPU
		{5AF0A7EF-0636-4194-98D8-D197B1DDDF3D}.Debug|iPhoneSimulator.ActiveCfg = Debug|Any CPU
		{5AF0A7EF-0636-4194-98D8-D197B1DDDF3D}.Debug|Mixed Platforms.ActiveCfg = Debug|Any CPU
		{5AF0A7EF-0636-4194-98D8-D197B1DDDF3D}.Debug|Mixed Platforms.Build.0 = Debug|Any CPU
		{5AF0A7EF-0636-4194-98D8-D197B1DDDF3D}.Debug|x64.ActiveCfg = Debug|Any CPU
		{5AF0A7EF-0636-4194-98D8-D197B1DDDF3D}.Debug|x86.ActiveCfg = Debug|Any CPU
		{5AF0A7EF-0636-4194-98D8-D197B1DDDF3D}.Release|Any CPU.ActiveCfg = Release|Any CPU
		{5AF0A7EF-0636-4194-98D8-D197B1DDDF3D}.Release|Any CPU.Build.0 = Release|Any CPU
		{5AF0A7EF-0636-4194-98D8-D197B1DDDF3D}.Release|ARM.ActiveCfg = Release|Any CPU
		{5AF0A7EF-0636-4194-98D8-D197B1DDDF3D}.Release|iPhone.ActiveCfg = Release|Any CPU
		{5AF0A7EF-0636-4194-98D8-D197B1DDDF3D}.Release|iPhoneSimulator.ActiveCfg = Release|Any CPU
		{5AF0A7EF-0636-4194-98D8-D197B1DDDF3D}.Release|Mixed Platforms.ActiveCfg = Release|Any CPU
		{5AF0A7EF-0636-4194-98D8-D197B1DDDF3D}.Release|Mixed Platforms.Build.0 = Release|Any CPU
		{5AF0A7EF-0636-4194-98D8-D197B1DDDF3D}.Release|x64.ActiveCfg = Release|Any CPU
		{5AF0A7EF-0636-4194-98D8-D197B1DDDF3D}.Release|x86.ActiveCfg = Release|Any CPU
		{83EDAAA3-CEFD-4515-A7E1-195C492F73CE}.Ad-Hoc|Any CPU.ActiveCfg = Release|Any CPU
		{83EDAAA3-CEFD-4515-A7E1-195C492F73CE}.Ad-Hoc|Any CPU.Build.0 = Release|Any CPU
		{83EDAAA3-CEFD-4515-A7E1-195C492F73CE}.Ad-Hoc|ARM.ActiveCfg = Release|Any CPU
		{83EDAAA3-CEFD-4515-A7E1-195C492F73CE}.Ad-Hoc|iPhone.ActiveCfg = Release|Any CPU
		{83EDAAA3-CEFD-4515-A7E1-195C492F73CE}.Ad-Hoc|iPhoneSimulator.ActiveCfg = Release|Any CPU
		{83EDAAA3-CEFD-4515-A7E1-195C492F73CE}.Ad-Hoc|Mixed Platforms.ActiveCfg = Release|Any CPU
		{83EDAAA3-CEFD-4515-A7E1-195C492F73CE}.Ad-Hoc|Mixed Platforms.Build.0 = Release|Any CPU
		{83EDAAA3-CEFD-4515-A7E1-195C492F73CE}.Ad-Hoc|x64.ActiveCfg = Release|Any CPU
		{83EDAAA3-CEFD-4515-A7E1-195C492F73CE}.Ad-Hoc|x86.ActiveCfg = Release|Any CPU
		{83EDAAA3-CEFD-4515-A7E1-195C492F73CE}.AppStore|Any CPU.ActiveCfg = Release|Any CPU
		{83EDAAA3-CEFD-4515-A7E1-195C492F73CE}.AppStore|Any CPU.Build.0 = Release|Any CPU
		{83EDAAA3-CEFD-4515-A7E1-195C492F73CE}.AppStore|ARM.ActiveCfg = Release|Any CPU
		{83EDAAA3-CEFD-4515-A7E1-195C492F73CE}.AppStore|iPhone.ActiveCfg = Release|Any CPU
		{83EDAAA3-CEFD-4515-A7E1-195C492F73CE}.AppStore|iPhoneSimulator.ActiveCfg = Release|Any CPU
		{83EDAAA3-CEFD-4515-A7E1-195C492F73CE}.AppStore|Mixed Platforms.ActiveCfg = Release|Any CPU
		{83EDAAA3-CEFD-4515-A7E1-195C492F73CE}.AppStore|Mixed Platforms.Build.0 = Release|Any CPU
		{83EDAAA3-CEFD-4515-A7E1-195C492F73CE}.AppStore|x64.ActiveCfg = Release|Any CPU
		{83EDAAA3-CEFD-4515-A7E1-195C492F73CE}.AppStore|x86.ActiveCfg = Release|Any CPU
		{83EDAAA3-CEFD-4515-A7E1-195C492F73CE}.Debug|Any CPU.ActiveCfg = Debug|Any CPU
		{83EDAAA3-CEFD-4515-A7E1-195C492F73CE}.Debug|Any CPU.Build.0 = Debug|Any CPU
		{83EDAAA3-CEFD-4515-A7E1-195C492F73CE}.Debug|ARM.ActiveCfg = Debug|Any CPU
		{83EDAAA3-CEFD-4515-A7E1-195C492F73CE}.Debug|iPhone.ActiveCfg = Debug|Any CPU
		{83EDAAA3-CEFD-4515-A7E1-195C492F73CE}.Debug|iPhoneSimulator.ActiveCfg = Debug|Any CPU
		{83EDAAA3-CEFD-4515-A7E1-195C492F73CE}.Debug|Mixed Platforms.ActiveCfg = Debug|Any CPU
		{83EDAAA3-CEFD-4515-A7E1-195C492F73CE}.Debug|Mixed Platforms.Build.0 = Debug|Any CPU
		{83EDAAA3-CEFD-4515-A7E1-195C492F73CE}.Debug|x64.ActiveCfg = Debug|Any CPU
		{83EDAAA3-CEFD-4515-A7E1-195C492F73CE}.Debug|x86.ActiveCfg = Debug|Any CPU
		{83EDAAA3-CEFD-4515-A7E1-195C492F73CE}.Release|Any CPU.ActiveCfg = Release|Any CPU
		{83EDAAA3-CEFD-4515-A7E1-195C492F73CE}.Release|Any CPU.Build.0 = Release|Any CPU
		{83EDAAA3-CEFD-4515-A7E1-195C492F73CE}.Release|ARM.ActiveCfg = Release|Any CPU
		{83EDAAA3-CEFD-4515-A7E1-195C492F73CE}.Release|iPhone.ActiveCfg = Release|Any CPU
		{83EDAAA3-CEFD-4515-A7E1-195C492F73CE}.Release|iPhoneSimulator.ActiveCfg = Release|Any CPU
		{83EDAAA3-CEFD-4515-A7E1-195C492F73CE}.Release|Mixed Platforms.ActiveCfg = Release|Any CPU
		{83EDAAA3-CEFD-4515-A7E1-195C492F73CE}.Release|Mixed Platforms.Build.0 = Release|Any CPU
		{83EDAAA3-CEFD-4515-A7E1-195C492F73CE}.Release|x64.ActiveCfg = Release|Any CPU
		{83EDAAA3-CEFD-4515-A7E1-195C492F73CE}.Release|x86.ActiveCfg = Release|Any CPU
		{F5B6C8C4-AD24-421A-B83A-EEBDD7D9C842}.Ad-Hoc|Any CPU.ActiveCfg = Release|Any CPU
		{F5B6C8C4-AD24-421A-B83A-EEBDD7D9C842}.Ad-Hoc|Any CPU.Build.0 = Release|Any CPU
		{F5B6C8C4-AD24-421A-B83A-EEBDD7D9C842}.Ad-Hoc|ARM.ActiveCfg = Release|Any CPU
		{F5B6C8C4-AD24-421A-B83A-EEBDD7D9C842}.Ad-Hoc|iPhone.ActiveCfg = Release|Any CPU
		{F5B6C8C4-AD24-421A-B83A-EEBDD7D9C842}.Ad-Hoc|iPhoneSimulator.ActiveCfg = Release|Any CPU
		{F5B6C8C4-AD24-421A-B83A-EEBDD7D9C842}.Ad-Hoc|Mixed Platforms.ActiveCfg = Release|Any CPU
		{F5B6C8C4-AD24-421A-B83A-EEBDD7D9C842}.Ad-Hoc|Mixed Platforms.Build.0 = Release|Any CPU
		{F5B6C8C4-AD24-421A-B83A-EEBDD7D9C842}.Ad-Hoc|x64.ActiveCfg = Release|Any CPU
		{F5B6C8C4-AD24-421A-B83A-EEBDD7D9C842}.Ad-Hoc|x86.ActiveCfg = Release|Any CPU
		{F5B6C8C4-AD24-421A-B83A-EEBDD7D9C842}.AppStore|Any CPU.ActiveCfg = Release|Any CPU
		{F5B6C8C4-AD24-421A-B83A-EEBDD7D9C842}.AppStore|Any CPU.Build.0 = Release|Any CPU
		{F5B6C8C4-AD24-421A-B83A-EEBDD7D9C842}.AppStore|ARM.ActiveCfg = Release|Any CPU
		{F5B6C8C4-AD24-421A-B83A-EEBDD7D9C842}.AppStore|iPhone.ActiveCfg = Release|Any CPU
		{F5B6C8C4-AD24-421A-B83A-EEBDD7D9C842}.AppStore|iPhoneSimulator.ActiveCfg = Release|Any CPU
		{F5B6C8C4-AD24-421A-B83A-EEBDD7D9C842}.AppStore|Mixed Platforms.ActiveCfg = Release|Any CPU
		{F5B6C8C4-AD24-421A-B83A-EEBDD7D9C842}.AppStore|Mixed Platforms.Build.0 = Release|Any CPU
		{F5B6C8C4-AD24-421A-B83A-EEBDD7D9C842}.AppStore|x64.ActiveCfg = Release|Any CPU
		{F5B6C8C4-AD24-421A-B83A-EEBDD7D9C842}.AppStore|x86.ActiveCfg = Release|Any CPU
		{F5B6C8C4-AD24-421A-B83A-EEBDD7D9C842}.Debug|Any CPU.ActiveCfg = Debug|Any CPU
		{F5B6C8C4-AD24-421A-B83A-EEBDD7D9C842}.Debug|Any CPU.Build.0 = Debug|Any CPU
		{F5B6C8C4-AD24-421A-B83A-EEBDD7D9C842}.Debug|ARM.ActiveCfg = Debug|Any CPU
		{F5B6C8C4-AD24-421A-B83A-EEBDD7D9C842}.Debug|iPhone.ActiveCfg = Debug|Any CPU
		{F5B6C8C4-AD24-421A-B83A-EEBDD7D9C842}.Debug|iPhoneSimulator.ActiveCfg = Debug|Any CPU
		{F5B6C8C4-AD24-421A-B83A-EEBDD7D9C842}.Debug|Mixed Platforms.ActiveCfg = Debug|Any CPU
		{F5B6C8C4-AD24-421A-B83A-EEBDD7D9C842}.Debug|Mixed Platforms.Build.0 = Debug|Any CPU
		{F5B6C8C4-AD24-421A-B83A-EEBDD7D9C842}.Debug|x64.ActiveCfg = Debug|Any CPU
		{F5B6C8C4-AD24-421A-B83A-EEBDD7D9C842}.Debug|x86.ActiveCfg = Debug|Any CPU
		{F5B6C8C4-AD24-421A-B83A-EEBDD7D9C842}.Release|Any CPU.ActiveCfg = Release|Any CPU
		{F5B6C8C4-AD24-421A-B83A-EEBDD7D9C842}.Release|Any CPU.Build.0 = Release|Any CPU
		{F5B6C8C4-AD24-421A-B83A-EEBDD7D9C842}.Release|ARM.ActiveCfg = Release|Any CPU
		{F5B6C8C4-AD24-421A-B83A-EEBDD7D9C842}.Release|iPhone.ActiveCfg = Release|Any CPU
		{F5B6C8C4-AD24-421A-B83A-EEBDD7D9C842}.Release|iPhoneSimulator.ActiveCfg = Release|Any CPU
		{F5B6C8C4-AD24-421A-B83A-EEBDD7D9C842}.Release|Mixed Platforms.ActiveCfg = Release|Any CPU
		{F5B6C8C4-AD24-421A-B83A-EEBDD7D9C842}.Release|Mixed Platforms.Build.0 = Release|Any CPU
		{F5B6C8C4-AD24-421A-B83A-EEBDD7D9C842}.Release|x64.ActiveCfg = Release|Any CPU
		{F5B6C8C4-AD24-421A-B83A-EEBDD7D9C842}.Release|x86.ActiveCfg = Release|Any CPU
		{88C32BF7-EABD-4008-A5CC-3C0BA7C06CB6}.Ad-Hoc|Any CPU.ActiveCfg = Release|Any CPU
		{88C32BF7-EABD-4008-A5CC-3C0BA7C06CB6}.Ad-Hoc|Any CPU.Build.0 = Release|Any CPU
		{88C32BF7-EABD-4008-A5CC-3C0BA7C06CB6}.Ad-Hoc|ARM.ActiveCfg = Release|Any CPU
		{88C32BF7-EABD-4008-A5CC-3C0BA7C06CB6}.Ad-Hoc|iPhone.ActiveCfg = Release|Any CPU
		{88C32BF7-EABD-4008-A5CC-3C0BA7C06CB6}.Ad-Hoc|iPhoneSimulator.ActiveCfg = Release|Any CPU
		{88C32BF7-EABD-4008-A5CC-3C0BA7C06CB6}.Ad-Hoc|Mixed Platforms.ActiveCfg = Release|Any CPU
		{88C32BF7-EABD-4008-A5CC-3C0BA7C06CB6}.Ad-Hoc|Mixed Platforms.Build.0 = Release|Any CPU
		{88C32BF7-EABD-4008-A5CC-3C0BA7C06CB6}.Ad-Hoc|x64.ActiveCfg = Release|Any CPU
		{88C32BF7-EABD-4008-A5CC-3C0BA7C06CB6}.Ad-Hoc|x86.ActiveCfg = Release|Any CPU
		{88C32BF7-EABD-4008-A5CC-3C0BA7C06CB6}.AppStore|Any CPU.ActiveCfg = Release|Any CPU
		{88C32BF7-EABD-4008-A5CC-3C0BA7C06CB6}.AppStore|Any CPU.Build.0 = Release|Any CPU
		{88C32BF7-EABD-4008-A5CC-3C0BA7C06CB6}.AppStore|ARM.ActiveCfg = Release|Any CPU
		{88C32BF7-EABD-4008-A5CC-3C0BA7C06CB6}.AppStore|iPhone.ActiveCfg = Release|Any CPU
		{88C32BF7-EABD-4008-A5CC-3C0BA7C06CB6}.AppStore|iPhoneSimulator.ActiveCfg = Release|Any CPU
		{88C32BF7-EABD-4008-A5CC-3C0BA7C06CB6}.AppStore|Mixed Platforms.ActiveCfg = Release|Any CPU
		{88C32BF7-EABD-4008-A5CC-3C0BA7C06CB6}.AppStore|Mixed Platforms.Build.0 = Release|Any CPU
		{88C32BF7-EABD-4008-A5CC-3C0BA7C06CB6}.AppStore|x64.ActiveCfg = Release|Any CPU
		{88C32BF7-EABD-4008-A5CC-3C0BA7C06CB6}.AppStore|x86.ActiveCfg = Release|Any CPU
		{88C32BF7-EABD-4008-A5CC-3C0BA7C06CB6}.Debug|Any CPU.ActiveCfg = Debug|Any CPU
		{88C32BF7-EABD-4008-A5CC-3C0BA7C06CB6}.Debug|Any CPU.Build.0 = Debug|Any CPU
		{88C32BF7-EABD-4008-A5CC-3C0BA7C06CB6}.Debug|ARM.ActiveCfg = Debug|Any CPU
		{88C32BF7-EABD-4008-A5CC-3C0BA7C06CB6}.Debug|iPhone.ActiveCfg = Debug|Any CPU
		{88C32BF7-EABD-4008-A5CC-3C0BA7C06CB6}.Debug|iPhoneSimulator.ActiveCfg = Debug|Any CPU
		{88C32BF7-EABD-4008-A5CC-3C0BA7C06CB6}.Debug|Mixed Platforms.ActiveCfg = Debug|Any CPU
		{88C32BF7-EABD-4008-A5CC-3C0BA7C06CB6}.Debug|Mixed Platforms.Build.0 = Debug|Any CPU
		{88C32BF7-EABD-4008-A5CC-3C0BA7C06CB6}.Debug|x64.ActiveCfg = Debug|Any CPU
		{88C32BF7-EABD-4008-A5CC-3C0BA7C06CB6}.Debug|x86.ActiveCfg = Debug|Any CPU
		{88C32BF7-EABD-4008-A5CC-3C0BA7C06CB6}.Release|Any CPU.ActiveCfg = Release|Any CPU
		{88C32BF7-EABD-4008-A5CC-3C0BA7C06CB6}.Release|Any CPU.Build.0 = Release|Any CPU
		{88C32BF7-EABD-4008-A5CC-3C0BA7C06CB6}.Release|ARM.ActiveCfg = Release|Any CPU
		{88C32BF7-EABD-4008-A5CC-3C0BA7C06CB6}.Release|iPhone.ActiveCfg = Release|Any CPU
		{88C32BF7-EABD-4008-A5CC-3C0BA7C06CB6}.Release|iPhoneSimulator.ActiveCfg = Release|Any CPU
		{88C32BF7-EABD-4008-A5CC-3C0BA7C06CB6}.Release|Mixed Platforms.ActiveCfg = Release|Any CPU
		{88C32BF7-EABD-4008-A5CC-3C0BA7C06CB6}.Release|Mixed Platforms.Build.0 = Release|Any CPU
		{88C32BF7-EABD-4008-A5CC-3C0BA7C06CB6}.Release|x64.ActiveCfg = Release|Any CPU
		{88C32BF7-EABD-4008-A5CC-3C0BA7C06CB6}.Release|x86.ActiveCfg = Release|Any CPU
		{42AAD874-EF05-4BA6-9E45-62145E08E23E}.Ad-Hoc|Any CPU.ActiveCfg = Release|Any CPU
		{42AAD874-EF05-4BA6-9E45-62145E08E23E}.Ad-Hoc|Any CPU.Build.0 = Release|Any CPU
		{42AAD874-EF05-4BA6-9E45-62145E08E23E}.Ad-Hoc|ARM.ActiveCfg = Release|Any CPU
		{42AAD874-EF05-4BA6-9E45-62145E08E23E}.Ad-Hoc|iPhone.ActiveCfg = Release|Any CPU
		{42AAD874-EF05-4BA6-9E45-62145E08E23E}.Ad-Hoc|iPhoneSimulator.ActiveCfg = Release|Any CPU
		{42AAD874-EF05-4BA6-9E45-62145E08E23E}.Ad-Hoc|Mixed Platforms.ActiveCfg = Release|Any CPU
		{42AAD874-EF05-4BA6-9E45-62145E08E23E}.Ad-Hoc|Mixed Platforms.Build.0 = Release|Any CPU
		{42AAD874-EF05-4BA6-9E45-62145E08E23E}.Ad-Hoc|x64.ActiveCfg = Release|Any CPU
		{42AAD874-EF05-4BA6-9E45-62145E08E23E}.Ad-Hoc|x86.ActiveCfg = Release|Any CPU
		{42AAD874-EF05-4BA6-9E45-62145E08E23E}.AppStore|Any CPU.ActiveCfg = Release|Any CPU
		{42AAD874-EF05-4BA6-9E45-62145E08E23E}.AppStore|Any CPU.Build.0 = Release|Any CPU
		{42AAD874-EF05-4BA6-9E45-62145E08E23E}.AppStore|ARM.ActiveCfg = Release|Any CPU
		{42AAD874-EF05-4BA6-9E45-62145E08E23E}.AppStore|iPhone.ActiveCfg = Release|Any CPU
		{42AAD874-EF05-4BA6-9E45-62145E08E23E}.AppStore|iPhoneSimulator.ActiveCfg = Release|Any CPU
		{42AAD874-EF05-4BA6-9E45-62145E08E23E}.AppStore|Mixed Platforms.ActiveCfg = Release|Any CPU
		{42AAD874-EF05-4BA6-9E45-62145E08E23E}.AppStore|Mixed Platforms.Build.0 = Release|Any CPU
		{42AAD874-EF05-4BA6-9E45-62145E08E23E}.AppStore|x64.ActiveCfg = Release|Any CPU
		{42AAD874-EF05-4BA6-9E45-62145E08E23E}.AppStore|x86.ActiveCfg = Release|Any CPU
		{42AAD874-EF05-4BA6-9E45-62145E08E23E}.Debug|Any CPU.ActiveCfg = Debug|Any CPU
		{42AAD874-EF05-4BA6-9E45-62145E08E23E}.Debug|Any CPU.Build.0 = Debug|Any CPU
		{42AAD874-EF05-4BA6-9E45-62145E08E23E}.Debug|ARM.ActiveCfg = Debug|Any CPU
		{42AAD874-EF05-4BA6-9E45-62145E08E23E}.Debug|iPhone.ActiveCfg = Debug|Any CPU
		{42AAD874-EF05-4BA6-9E45-62145E08E23E}.Debug|iPhoneSimulator.ActiveCfg = Debug|Any CPU
		{42AAD874-EF05-4BA6-9E45-62145E08E23E}.Debug|Mixed Platforms.ActiveCfg = Debug|Any CPU
		{42AAD874-EF05-4BA6-9E45-62145E08E23E}.Debug|Mixed Platforms.Build.0 = Debug|Any CPU
		{42AAD874-EF05-4BA6-9E45-62145E08E23E}.Debug|x64.ActiveCfg = Debug|Any CPU
		{42AAD874-EF05-4BA6-9E45-62145E08E23E}.Debug|x86.ActiveCfg = Debug|Any CPU
		{42AAD874-EF05-4BA6-9E45-62145E08E23E}.Release|Any CPU.ActiveCfg = Release|Any CPU
		{42AAD874-EF05-4BA6-9E45-62145E08E23E}.Release|Any CPU.Build.0 = Release|Any CPU
		{42AAD874-EF05-4BA6-9E45-62145E08E23E}.Release|ARM.ActiveCfg = Release|Any CPU
		{42AAD874-EF05-4BA6-9E45-62145E08E23E}.Release|iPhone.ActiveCfg = Release|Any CPU
		{42AAD874-EF05-4BA6-9E45-62145E08E23E}.Release|iPhoneSimulator.ActiveCfg = Release|Any CPU
		{42AAD874-EF05-4BA6-9E45-62145E08E23E}.Release|Mixed Platforms.ActiveCfg = Release|Any CPU
		{42AAD874-EF05-4BA6-9E45-62145E08E23E}.Release|Mixed Platforms.Build.0 = Release|Any CPU
		{42AAD874-EF05-4BA6-9E45-62145E08E23E}.Release|x64.ActiveCfg = Release|Any CPU
		{42AAD874-EF05-4BA6-9E45-62145E08E23E}.Release|x86.ActiveCfg = Release|Any CPU
		{40C85117-D7A4-4651-A333-220D9B8C9F05}.Ad-Hoc|Any CPU.ActiveCfg = Release|Any CPU
		{40C85117-D7A4-4651-A333-220D9B8C9F05}.Ad-Hoc|Any CPU.Build.0 = Release|Any CPU
		{40C85117-D7A4-4651-A333-220D9B8C9F05}.Ad-Hoc|ARM.ActiveCfg = Release|Any CPU
		{40C85117-D7A4-4651-A333-220D9B8C9F05}.Ad-Hoc|iPhone.ActiveCfg = Release|Any CPU
		{40C85117-D7A4-4651-A333-220D9B8C9F05}.Ad-Hoc|iPhoneSimulator.ActiveCfg = Release|Any CPU
		{40C85117-D7A4-4651-A333-220D9B8C9F05}.Ad-Hoc|Mixed Platforms.ActiveCfg = Release|Any CPU
		{40C85117-D7A4-4651-A333-220D9B8C9F05}.Ad-Hoc|Mixed Platforms.Build.0 = Release|Any CPU
		{40C85117-D7A4-4651-A333-220D9B8C9F05}.Ad-Hoc|x64.ActiveCfg = Release|Any CPU
		{40C85117-D7A4-4651-A333-220D9B8C9F05}.Ad-Hoc|x86.ActiveCfg = Release|Any CPU
		{40C85117-D7A4-4651-A333-220D9B8C9F05}.AppStore|Any CPU.ActiveCfg = Release|Any CPU
		{40C85117-D7A4-4651-A333-220D9B8C9F05}.AppStore|Any CPU.Build.0 = Release|Any CPU
		{40C85117-D7A4-4651-A333-220D9B8C9F05}.AppStore|ARM.ActiveCfg = Release|Any CPU
		{40C85117-D7A4-4651-A333-220D9B8C9F05}.AppStore|iPhone.ActiveCfg = Release|Any CPU
		{40C85117-D7A4-4651-A333-220D9B8C9F05}.AppStore|iPhoneSimulator.ActiveCfg = Release|Any CPU
		{40C85117-D7A4-4651-A333-220D9B8C9F05}.AppStore|Mixed Platforms.ActiveCfg = Release|Any CPU
		{40C85117-D7A4-4651-A333-220D9B8C9F05}.AppStore|Mixed Platforms.Build.0 = Release|Any CPU
		{40C85117-D7A4-4651-A333-220D9B8C9F05}.AppStore|x64.ActiveCfg = Release|Any CPU
		{40C85117-D7A4-4651-A333-220D9B8C9F05}.AppStore|x86.ActiveCfg = Release|Any CPU
		{40C85117-D7A4-4651-A333-220D9B8C9F05}.Debug|Any CPU.ActiveCfg = Debug|Any CPU
		{40C85117-D7A4-4651-A333-220D9B8C9F05}.Debug|Any CPU.Build.0 = Debug|Any CPU
		{40C85117-D7A4-4651-A333-220D9B8C9F05}.Debug|ARM.ActiveCfg = Debug|Any CPU
		{40C85117-D7A4-4651-A333-220D9B8C9F05}.Debug|iPhone.ActiveCfg = Debug|Any CPU
		{40C85117-D7A4-4651-A333-220D9B8C9F05}.Debug|iPhoneSimulator.ActiveCfg = Debug|Any CPU
		{40C85117-D7A4-4651-A333-220D9B8C9F05}.Debug|Mixed Platforms.ActiveCfg = Debug|Any CPU
		{40C85117-D7A4-4651-A333-220D9B8C9F05}.Debug|Mixed Platforms.Build.0 = Debug|Any CPU
		{40C85117-D7A4-4651-A333-220D9B8C9F05}.Debug|x64.ActiveCfg = Debug|Any CPU
		{40C85117-D7A4-4651-A333-220D9B8C9F05}.Debug|x86.ActiveCfg = Debug|Any CPU
		{40C85117-D7A4-4651-A333-220D9B8C9F05}.Release|Any CPU.ActiveCfg = Release|Any CPU
		{40C85117-D7A4-4651-A333-220D9B8C9F05}.Release|Any CPU.Build.0 = Release|Any CPU
		{40C85117-D7A4-4651-A333-220D9B8C9F05}.Release|ARM.ActiveCfg = Release|Any CPU
		{40C85117-D7A4-4651-A333-220D9B8C9F05}.Release|iPhone.ActiveCfg = Release|Any CPU
		{40C85117-D7A4-4651-A333-220D9B8C9F05}.Release|iPhoneSimulator.ActiveCfg = Release|Any CPU
		{40C85117-D7A4-4651-A333-220D9B8C9F05}.Release|Mixed Platforms.ActiveCfg = Release|Any CPU
		{40C85117-D7A4-4651-A333-220D9B8C9F05}.Release|Mixed Platforms.Build.0 = Release|Any CPU
		{40C85117-D7A4-4651-A333-220D9B8C9F05}.Release|x64.ActiveCfg = Release|Any CPU
		{40C85117-D7A4-4651-A333-220D9B8C9F05}.Release|x86.ActiveCfg = Release|Any CPU
		{1B7695E2-C7AE-4B31-99A3-A4C05E2529A1}.Ad-Hoc|Any CPU.ActiveCfg = Release|Any CPU
		{1B7695E2-C7AE-4B31-99A3-A4C05E2529A1}.Ad-Hoc|Any CPU.Build.0 = Release|Any CPU
		{1B7695E2-C7AE-4B31-99A3-A4C05E2529A1}.Ad-Hoc|ARM.ActiveCfg = Release|Any CPU
		{1B7695E2-C7AE-4B31-99A3-A4C05E2529A1}.Ad-Hoc|iPhone.ActiveCfg = Release|Any CPU
		{1B7695E2-C7AE-4B31-99A3-A4C05E2529A1}.Ad-Hoc|iPhoneSimulator.ActiveCfg = Release|Any CPU
		{1B7695E2-C7AE-4B31-99A3-A4C05E2529A1}.Ad-Hoc|Mixed Platforms.ActiveCfg = Release|Any CPU
		{1B7695E2-C7AE-4B31-99A3-A4C05E2529A1}.Ad-Hoc|Mixed Platforms.Build.0 = Release|Any CPU
		{1B7695E2-C7AE-4B31-99A3-A4C05E2529A1}.Ad-Hoc|x64.ActiveCfg = Release|Any CPU
		{1B7695E2-C7AE-4B31-99A3-A4C05E2529A1}.Ad-Hoc|x86.ActiveCfg = Release|Any CPU
		{1B7695E2-C7AE-4B31-99A3-A4C05E2529A1}.AppStore|Any CPU.ActiveCfg = Release|Any CPU
		{1B7695E2-C7AE-4B31-99A3-A4C05E2529A1}.AppStore|Any CPU.Build.0 = Release|Any CPU
		{1B7695E2-C7AE-4B31-99A3-A4C05E2529A1}.AppStore|ARM.ActiveCfg = Release|Any CPU
		{1B7695E2-C7AE-4B31-99A3-A4C05E2529A1}.AppStore|iPhone.ActiveCfg = Release|Any CPU
		{1B7695E2-C7AE-4B31-99A3-A4C05E2529A1}.AppStore|iPhoneSimulator.ActiveCfg = Release|Any CPU
		{1B7695E2-C7AE-4B31-99A3-A4C05E2529A1}.AppStore|Mixed Platforms.ActiveCfg = Release|Any CPU
		{1B7695E2-C7AE-4B31-99A3-A4C05E2529A1}.AppStore|Mixed Platforms.Build.0 = Release|Any CPU
		{1B7695E2-C7AE-4B31-99A3-A4C05E2529A1}.AppStore|x64.ActiveCfg = Release|Any CPU
		{1B7695E2-C7AE-4B31-99A3-A4C05E2529A1}.AppStore|x86.ActiveCfg = Release|Any CPU
		{1B7695E2-C7AE-4B31-99A3-A4C05E2529A1}.Debug|Any CPU.ActiveCfg = Debug|Any CPU
		{1B7695E2-C7AE-4B31-99A3-A4C05E2529A1}.Debug|Any CPU.Build.0 = Debug|Any CPU
		{1B7695E2-C7AE-4B31-99A3-A4C05E2529A1}.Debug|ARM.ActiveCfg = Debug|Any CPU
		{1B7695E2-C7AE-4B31-99A3-A4C05E2529A1}.Debug|iPhone.ActiveCfg = Debug|Any CPU
		{1B7695E2-C7AE-4B31-99A3-A4C05E2529A1}.Debug|iPhoneSimulator.ActiveCfg = Debug|Any CPU
		{1B7695E2-C7AE-4B31-99A3-A4C05E2529A1}.Debug|Mixed Platforms.ActiveCfg = Debug|Any CPU
		{1B7695E2-C7AE-4B31-99A3-A4C05E2529A1}.Debug|Mixed Platforms.Build.0 = Debug|Any CPU
		{1B7695E2-C7AE-4B31-99A3-A4C05E2529A1}.Debug|x64.ActiveCfg = Debug|Any CPU
		{1B7695E2-C7AE-4B31-99A3-A4C05E2529A1}.Debug|x86.ActiveCfg = Debug|Any CPU
		{1B7695E2-C7AE-4B31-99A3-A4C05E2529A1}.Release|Any CPU.ActiveCfg = Release|Any CPU
		{1B7695E2-C7AE-4B31-99A3-A4C05E2529A1}.Release|Any CPU.Build.0 = Release|Any CPU
		{1B7695E2-C7AE-4B31-99A3-A4C05E2529A1}.Release|ARM.ActiveCfg = Release|Any CPU
		{1B7695E2-C7AE-4B31-99A3-A4C05E2529A1}.Release|iPhone.ActiveCfg = Release|Any CPU
		{1B7695E2-C7AE-4B31-99A3-A4C05E2529A1}.Release|iPhoneSimulator.ActiveCfg = Release|Any CPU
		{1B7695E2-C7AE-4B31-99A3-A4C05E2529A1}.Release|Mixed Platforms.ActiveCfg = Release|Any CPU
		{1B7695E2-C7AE-4B31-99A3-A4C05E2529A1}.Release|Mixed Platforms.Build.0 = Release|Any CPU
		{1B7695E2-C7AE-4B31-99A3-A4C05E2529A1}.Release|x64.ActiveCfg = Release|Any CPU
		{1B7695E2-C7AE-4B31-99A3-A4C05E2529A1}.Release|x86.ActiveCfg = Release|Any CPU
		{06D669A8-4C78-4799-B447-59BBC543308D}.Ad-Hoc|Any CPU.ActiveCfg = Release|Any CPU
		{06D669A8-4C78-4799-B447-59BBC543308D}.Ad-Hoc|Any CPU.Build.0 = Release|Any CPU
		{06D669A8-4C78-4799-B447-59BBC543308D}.Ad-Hoc|ARM.ActiveCfg = Release|Any CPU
		{06D669A8-4C78-4799-B447-59BBC543308D}.Ad-Hoc|iPhone.ActiveCfg = Release|Any CPU
		{06D669A8-4C78-4799-B447-59BBC543308D}.Ad-Hoc|iPhoneSimulator.ActiveCfg = Release|Any CPU
		{06D669A8-4C78-4799-B447-59BBC543308D}.Ad-Hoc|Mixed Platforms.ActiveCfg = Release|Any CPU
		{06D669A8-4C78-4799-B447-59BBC543308D}.Ad-Hoc|Mixed Platforms.Build.0 = Release|Any CPU
		{06D669A8-4C78-4799-B447-59BBC543308D}.Ad-Hoc|x64.ActiveCfg = Release|Any CPU
		{06D669A8-4C78-4799-B447-59BBC543308D}.Ad-Hoc|x86.ActiveCfg = Release|Any CPU
		{06D669A8-4C78-4799-B447-59BBC543308D}.AppStore|Any CPU.ActiveCfg = Release|Any CPU
		{06D669A8-4C78-4799-B447-59BBC543308D}.AppStore|Any CPU.Build.0 = Release|Any CPU
		{06D669A8-4C78-4799-B447-59BBC543308D}.AppStore|ARM.ActiveCfg = Release|Any CPU
		{06D669A8-4C78-4799-B447-59BBC543308D}.AppStore|iPhone.ActiveCfg = Release|Any CPU
		{06D669A8-4C78-4799-B447-59BBC543308D}.AppStore|iPhoneSimulator.ActiveCfg = Release|Any CPU
		{06D669A8-4C78-4799-B447-59BBC543308D}.AppStore|Mixed Platforms.ActiveCfg = Release|Any CPU
		{06D669A8-4C78-4799-B447-59BBC543308D}.AppStore|Mixed Platforms.Build.0 = Release|Any CPU
		{06D669A8-4C78-4799-B447-59BBC543308D}.AppStore|x64.ActiveCfg = Release|Any CPU
		{06D669A8-4C78-4799-B447-59BBC543308D}.AppStore|x86.ActiveCfg = Release|Any CPU
		{06D669A8-4C78-4799-B447-59BBC543308D}.Debug|Any CPU.ActiveCfg = Debug|Any CPU
		{06D669A8-4C78-4799-B447-59BBC543308D}.Debug|Any CPU.Build.0 = Debug|Any CPU
		{06D669A8-4C78-4799-B447-59BBC543308D}.Debug|ARM.ActiveCfg = Debug|Any CPU
		{06D669A8-4C78-4799-B447-59BBC543308D}.Debug|iPhone.ActiveCfg = Debug|Any CPU
		{06D669A8-4C78-4799-B447-59BBC543308D}.Debug|iPhoneSimulator.ActiveCfg = Debug|Any CPU
		{06D669A8-4C78-4799-B447-59BBC543308D}.Debug|Mixed Platforms.ActiveCfg = Debug|Any CPU
		{06D669A8-4C78-4799-B447-59BBC543308D}.Debug|Mixed Platforms.Build.0 = Debug|Any CPU
		{06D669A8-4C78-4799-B447-59BBC543308D}.Debug|x64.ActiveCfg = Debug|Any CPU
		{06D669A8-4C78-4799-B447-59BBC543308D}.Debug|x86.ActiveCfg = Debug|Any CPU
		{06D669A8-4C78-4799-B447-59BBC543308D}.Release|Any CPU.ActiveCfg = Release|Any CPU
		{06D669A8-4C78-4799-B447-59BBC543308D}.Release|Any CPU.Build.0 = Release|Any CPU
		{06D669A8-4C78-4799-B447-59BBC543308D}.Release|ARM.ActiveCfg = Release|Any CPU
		{06D669A8-4C78-4799-B447-59BBC543308D}.Release|iPhone.ActiveCfg = Release|Any CPU
		{06D669A8-4C78-4799-B447-59BBC543308D}.Release|iPhoneSimulator.ActiveCfg = Release|Any CPU
		{06D669A8-4C78-4799-B447-59BBC543308D}.Release|Mixed Platforms.ActiveCfg = Release|Any CPU
		{06D669A8-4C78-4799-B447-59BBC543308D}.Release|Mixed Platforms.Build.0 = Release|Any CPU
		{06D669A8-4C78-4799-B447-59BBC543308D}.Release|x64.ActiveCfg = Release|Any CPU
		{06D669A8-4C78-4799-B447-59BBC543308D}.Release|x86.ActiveCfg = Release|Any CPU
		{0F5D8B92-D83E-42A1-8C43-A454B0857C1D}.Ad-Hoc|Any CPU.ActiveCfg = Release|Any CPU
		{0F5D8B92-D83E-42A1-8C43-A454B0857C1D}.Ad-Hoc|Any CPU.Build.0 = Release|Any CPU
		{0F5D8B92-D83E-42A1-8C43-A454B0857C1D}.Ad-Hoc|ARM.ActiveCfg = Release|Any CPU
		{0F5D8B92-D83E-42A1-8C43-A454B0857C1D}.Ad-Hoc|iPhone.ActiveCfg = Release|Any CPU
		{0F5D8B92-D83E-42A1-8C43-A454B0857C1D}.Ad-Hoc|iPhoneSimulator.ActiveCfg = Release|Any CPU
		{0F5D8B92-D83E-42A1-8C43-A454B0857C1D}.Ad-Hoc|Mixed Platforms.ActiveCfg = Release|Any CPU
		{0F5D8B92-D83E-42A1-8C43-A454B0857C1D}.Ad-Hoc|Mixed Platforms.Build.0 = Release|Any CPU
		{0F5D8B92-D83E-42A1-8C43-A454B0857C1D}.Ad-Hoc|x64.ActiveCfg = Release|Any CPU
		{0F5D8B92-D83E-42A1-8C43-A454B0857C1D}.Ad-Hoc|x86.ActiveCfg = Release|Any CPU
		{0F5D8B92-D83E-42A1-8C43-A454B0857C1D}.AppStore|Any CPU.ActiveCfg = Release|Any CPU
		{0F5D8B92-D83E-42A1-8C43-A454B0857C1D}.AppStore|Any CPU.Build.0 = Release|Any CPU
		{0F5D8B92-D83E-42A1-8C43-A454B0857C1D}.AppStore|ARM.ActiveCfg = Release|Any CPU
		{0F5D8B92-D83E-42A1-8C43-A454B0857C1D}.AppStore|iPhone.ActiveCfg = Release|Any CPU
		{0F5D8B92-D83E-42A1-8C43-A454B0857C1D}.AppStore|iPhoneSimulator.ActiveCfg = Release|Any CPU
		{0F5D8B92-D83E-42A1-8C43-A454B0857C1D}.AppStore|Mixed Platforms.ActiveCfg = Release|Any CPU
		{0F5D8B92-D83E-42A1-8C43-A454B0857C1D}.AppStore|Mixed Platforms.Build.0 = Release|Any CPU
		{0F5D8B92-D83E-42A1-8C43-A454B0857C1D}.AppStore|x64.ActiveCfg = Release|Any CPU
		{0F5D8B92-D83E-42A1-8C43-A454B0857C1D}.AppStore|x86.ActiveCfg = Release|Any CPU
		{0F5D8B92-D83E-42A1-8C43-A454B0857C1D}.Debug|Any CPU.ActiveCfg = Debug|Any CPU
		{0F5D8B92-D83E-42A1-8C43-A454B0857C1D}.Debug|Any CPU.Build.0 = Debug|Any CPU
		{0F5D8B92-D83E-42A1-8C43-A454B0857C1D}.Debug|ARM.ActiveCfg = Debug|Any CPU
		{0F5D8B92-D83E-42A1-8C43-A454B0857C1D}.Debug|iPhone.ActiveCfg = Debug|Any CPU
		{0F5D8B92-D83E-42A1-8C43-A454B0857C1D}.Debug|iPhoneSimulator.ActiveCfg = Debug|Any CPU
		{0F5D8B92-D83E-42A1-8C43-A454B0857C1D}.Debug|Mixed Platforms.ActiveCfg = Debug|Any CPU
		{0F5D8B92-D83E-42A1-8C43-A454B0857C1D}.Debug|Mixed Platforms.Build.0 = Debug|Any CPU
		{0F5D8B92-D83E-42A1-8C43-A454B0857C1D}.Debug|x64.ActiveCfg = Debug|Any CPU
		{0F5D8B92-D83E-42A1-8C43-A454B0857C1D}.Debug|x86.ActiveCfg = Debug|Any CPU
		{0F5D8B92-D83E-42A1-8C43-A454B0857C1D}.Release|Any CPU.ActiveCfg = Release|Any CPU
		{0F5D8B92-D83E-42A1-8C43-A454B0857C1D}.Release|Any CPU.Build.0 = Release|Any CPU
		{0F5D8B92-D83E-42A1-8C43-A454B0857C1D}.Release|ARM.ActiveCfg = Release|Any CPU
		{0F5D8B92-D83E-42A1-8C43-A454B0857C1D}.Release|iPhone.ActiveCfg = Release|Any CPU
		{0F5D8B92-D83E-42A1-8C43-A454B0857C1D}.Release|iPhoneSimulator.ActiveCfg = Release|Any CPU
		{0F5D8B92-D83E-42A1-8C43-A454B0857C1D}.Release|Mixed Platforms.ActiveCfg = Release|Any CPU
		{0F5D8B92-D83E-42A1-8C43-A454B0857C1D}.Release|Mixed Platforms.Build.0 = Release|Any CPU
		{0F5D8B92-D83E-42A1-8C43-A454B0857C1D}.Release|x64.ActiveCfg = Release|Any CPU
		{0F5D8B92-D83E-42A1-8C43-A454B0857C1D}.Release|x86.ActiveCfg = Release|Any CPU
	EndGlobalSection
	GlobalSection(SolutionProperties) = preSolution
		HideSolutionNode = FALSE
	EndGlobalSection
	GlobalSection(NestedProjects) = preSolution
		{5AF0A7EF-0636-4194-98D8-D197B1DDDF3D} = {289B1558-CEEE-425F-B04D-C4D83FF233DF}
		{83EDAAA3-CEFD-4515-A7E1-195C492F73CE} = {289B1558-CEEE-425F-B04D-C4D83FF233DF}
		{F5B6C8C4-AD24-421A-B83A-EEBDD7D9C842} = {289B1558-CEEE-425F-B04D-C4D83FF233DF}
		{88C32BF7-EABD-4008-A5CC-3C0BA7C06CB6} = {289B1558-CEEE-425F-B04D-C4D83FF233DF}
		{42AAD874-EF05-4BA6-9E45-62145E08E23E} = {289B1558-CEEE-425F-B04D-C4D83FF233DF}
		{40C85117-D7A4-4651-A333-220D9B8C9F05} = {289B1558-CEEE-425F-B04D-C4D83FF233DF}
		{1B7695E2-C7AE-4B31-99A3-A4C05E2529A1} = {289B1558-CEEE-425F-B04D-C4D83FF233DF}
		{06D669A8-4C78-4799-B447-59BBC543308D} = {289B1558-CEEE-425F-B04D-C4D83FF233DF}
		{0F5D8B92-D83E-42A1-8C43-A454B0857C1D} = {289B1558-CEEE-425F-B04D-C4D83FF233DF}
	EndGlobalSection
EndGlobal
